<?xml version="1.0" encoding="utf-8"?>
<Project ToolsVersion="4.0" xmlns="http://schemas.microsoft.com/developer/msbuild/2003">
  <ItemGroup>
    <Filter Include="소스 파일">
      <UniqueIdentifier>{4FC737F1-C7A5-4376-A066-2A32D752A2FF}</UniqueIdentifier>
      <Extensions>cpp;c;cc;cxx;c++;cppm;ixx;def;odl;idl;hpj;bat;asm;asmx</Extensions>
    </Filter>
    <Filter Include="헤더 파일">
      <UniqueIdentifier>{93995380-89BD-4b04-88EB-625FBE52EBFB}</UniqueIdentifier>
      <Extensions>h;hh;hpp;hxx;h++;hm;inl;inc;ipp;xsd</Extensions>
    </Filter>
    <Filter Include="리소스 파일">
      <UniqueIdentifier>{67DA6AB6-F800-4c08-8B7A-83BB121AAD01}</UniqueIdentifier>
      <Extensions>rc;ico;cur;bmp;dlg;rc2;rct;bin;rgs;gif;jpg;jpeg;jpe;resx;tiff;tif;png;wav;mfcribbon-ms</Extensions>
    </Filter>
    <Filter Include="소스 파일\GameApp">
      <UniqueIdentifier>{b21cdfdb-0b86-48b9-af07-4093ec1f6600}</UniqueIdentifier>
    </Filter>
    <Filter Include="헤더 파일\GameApp">
      <UniqueIdentifier>{18f2e095-ab7d-42cf-b449-bf417c806b89}</UniqueIdentifier>
    </Filter>
    <Filter Include="소스 파일\Object">
      <UniqueIdentifier>{0038d52a-51c6-457f-8d07-56cb0b855a26}</UniqueIdentifier>
    </Filter>
    <Filter Include="헤더 파일\Object">
      <UniqueIdentifier>{ac8dff85-8618-40d7-9e0f-2071fa79911b}</UniqueIdentifier>
    </Filter>
    <Filter Include="헤더 파일\Scene">
      <UniqueIdentifier>{570d0df0-bfdc-4ae8-ac3b-3da53fa9ea65}</UniqueIdentifier>
    </Filter>
    <Filter Include="소스 파일\GamePlay">
      <UniqueIdentifier>{39022a6a-da43-4bfc-975f-d3a3906fbc0c}</UniqueIdentifier>
    </Filter>
    <Filter Include="헤더 파일\GamePlay">
      <UniqueIdentifier>{900f4c18-4048-410c-b9af-590420a20692}</UniqueIdentifier>
    </Filter>
    <Filter Include="소스 파일\Object\Tower">
      <UniqueIdentifier>{c7924bed-3ac6-42b2-8b24-73d38ce9fe4d}</UniqueIdentifier>
    </Filter>
    <Filter Include="소스 파일\Object\UI">
      <UniqueIdentifier>{3ac418d1-ecd9-4b81-87c1-17679f13ac06}</UniqueIdentifier>
    </Filter>
    <Filter Include="헤더 파일\Object\UI">
      <UniqueIdentifier>{fe7622d1-6171-456e-b9e1-7fcdc83c464a}</UniqueIdentifier>
    </Filter>
    <Filter Include="헤더 파일\etc">
      <UniqueIdentifier>{c6b13884-f803-44e2-8780-e3e69dcc6dd8}</UniqueIdentifier>
    </Filter>
    <Filter Include="소스 파일\Object\Map">
      <UniqueIdentifier>{8a89fd33-f6d3-46d1-a20b-b9d6cb2ea76e}</UniqueIdentifier>
    </Filter>
    <Filter Include="헤더 파일\Object\Map">
      <UniqueIdentifier>{48b37176-5490-447c-95fa-3a00091b40ae}</UniqueIdentifier>
    </Filter>
    <Filter Include="헤더 파일\Object\Tower">
      <UniqueIdentifier>{0736a812-f9d5-4c91-83b4-1a9a7f2c8395}</UniqueIdentifier>
    </Filter>
    <Filter Include="소스 파일\Scene">
      <UniqueIdentifier>{d66223d5-6e5a-46b4-8d6c-ccbffaada635}</UniqueIdentifier>
    </Filter>
  </ItemGroup>
  <ItemGroup>
    <ClInclude Include="inc\GameApp.h">
      <Filter>헤더 파일\GameApp</Filter>
    </ClInclude>
    <ClInclude Include="inc\framework.h">
      <Filter>헤더 파일\etc</Filter>
    </ClInclude>
    <ClInclude Include="inc\resource.h">
      <Filter>헤더 파일\etc</Filter>
    </ClInclude>
    <ClInclude Include="inc\targetver.h">
      <Filter>헤더 파일\etc</Filter>
    </ClInclude>
    <ClInclude Include="inc\TitleScene.h">
      <Filter>헤더 파일\Scene</Filter>
    </ClInclude>
    <ClInclude Include="inc\StaticBackground.h">
      <Filter>헤더 파일\Object</Filter>
    </ClInclude>
    <ClInclude Include="inc\Player.h">
      <Filter>헤더 파일\Object</Filter>
    </ClInclude>
    <ClInclude Include="inc\PlayScene.h">
      <Filter>헤더 파일\Scene</Filter>
    </ClInclude>
    <ClInclude Include="inc\GameData.h">
      <Filter>헤더 파일\GamePlay</Filter>
    </ClInclude>
    <ClInclude Include="inc\EnterGate.h">
      <Filter>헤더 파일\Object</Filter>
    </ClInclude>
    <ClInclude Include="inc\Enemy.h">
      <Filter>헤더 파일\Object</Filter>
    </ClInclude>
    <ClInclude Include="inc\Constant.h">
      <Filter>헤더 파일\GamePlay</Filter>
    </ClInclude>
    <ClInclude Include="inc\Tower.h">
      <Filter>헤더 파일\Object\Tower</Filter>
    </ClInclude>
    <ClInclude Include="inc\FireTower.h">
      <Filter>헤더 파일\Object\Tower</Filter>
    </ClInclude>
    <ClInclude Include="inc\IceTower.h">
      <Filter>헤더 파일\Object\Tower</Filter>
    </ClInclude>
    <ClInclude Include="inc\LightningTower.h">
      <Filter>헤더 파일\Object\Tower</Filter>
    </ClInclude>
    <ClInclude Include="inc\TowerPlace.h">
      <Filter>헤더 파일\Object\Tower</Filter>
    </ClInclude>
    <ClInclude Include="inc\UIManager.h">
      <Filter>헤더 파일\GamePlay</Filter>
    </ClInclude>
    <ClInclude Include="inc\TowerButton.h">
      <Filter>헤더 파일\Object\UI</Filter>
    </ClInclude>
    <ClInclude Include="inc\TowerBuildButton.h">
      <Filter>헤더 파일\Object\UI</Filter>
    </ClInclude>
    <ClInclude Include="inc\Fireball.h">
      <Filter>헤더 파일\Object\Tower</Filter>
    </ClInclude>
    <ClInclude Include="inc\TileMap.h">
      <Filter>헤더 파일\Object\Map</Filter>
    </ClInclude>
    <ClInclude Include="inc\MiniMap.h">
      <Filter>헤더 파일\Object\Map</Filter>
    </ClInclude>
    <ClInclude Include="inc\ScreenTextUI.h">
      <Filter>헤더 파일\Object\UI</Filter>
    </ClInclude>
    <ClInclude Include="inc\WorldTextUI.h">
      <Filter>헤더 파일\Object\UI</Filter>
    </ClInclude>
    <ClInclude Include="inc\CenterCrystal.h">
      <Filter>헤더 파일\Object</Filter>
    </ClInclude>
    <ClInclude Include="inc\CrystalHp.h">
      <Filter>헤더 파일\Object\UI</Filter>
    </ClInclude>
    <ClInclude Include="inc\GoldDisplay.h">
      <Filter>헤더 파일\Object\UI</Filter>
    </ClInclude>
    <ClInclude Include="inc\EnemyInfoDisplay.h">
      <Filter>헤더 파일\Object\UI</Filter>
    </ClInclude>
  </ItemGroup>
  <ItemGroup>
    <ClCompile Include="src\Main.cpp">
      <Filter>소스 파일\GameApp</Filter>
    </ClCompile>
    <ClCompile Include="src\GameApp.cpp">
      <Filter>소스 파일\GameApp</Filter>
    </ClCompile>
    <ClCompile Include="src\TitleScene.cpp">
      <Filter>소스 파일\Scene</Filter>
    </ClCompile>
    <ClCompile Include="src\StaticBackground.cpp">
      <Filter>소스 파일\Object</Filter>
    </ClCompile>
    <ClCompile Include="src\Player.cpp">
      <Filter>소스 파일\Object</Filter>
    </ClCompile>
    <ClCompile Include="src\PlayScene.cpp">
      <Filter>소스 파일\Scene</Filter>
    </ClCompile>
    <ClCompile Include="src\GameData.cpp">
      <Filter>소스 파일\GamePlay</Filter>
    </ClCompile>
    <ClCompile Include="src\EnterGate.cpp">
      <Filter>소스 파일\Object</Filter>
    </ClCompile>
    <ClCompile Include="src\Enemy.cpp">
      <Filter>소스 파일\Object</Filter>
    </ClCompile>
    <ClCompile Include="src\Tower.cpp">
      <Filter>소스 파일\Object\Tower</Filter>
    </ClCompile>
    <ClCompile Include="src\FireTower.cpp">
      <Filter>소스 파일\Object\Tower</Filter>
    </ClCompile>
    <ClCompile Include="src\IceTower.cpp">
      <Filter>소스 파일\Object\Tower</Filter>
    </ClCompile>
    <ClCompile Include="src\LightningTower.cpp">
      <Filter>소스 파일\Object\Tower</Filter>
    </ClCompile>
    <ClCompile Include="src\TowerPlace.cpp">
      <Filter>소스 파일\Object\Tower</Filter>
    </ClCompile>
    <ClCompile Include="src\UIManager.cpp">
      <Filter>소스 파일\GamePlay</Filter>
    </ClCompile>
    <ClCompile Include="src\TowerButton.cpp">
      <Filter>소스 파일\Object\UI</Filter>
    </ClCompile>
    <ClCompile Include="src\TowerBuildButton.cpp">
      <Filter>소스 파일\Object\UI</Filter>
    </ClCompile>
    <ClCompile Include="src\Fireball.cpp">
      <Filter>소스 파일\Object\Tower</Filter>
    </ClCompile>
    <ClCompile Include="src\MiniMap.cpp">
      <Filter>소스 파일\Object\Map</Filter>
    </ClCompile>
    <ClCompile Include="src\TileMap.cpp">
      <Filter>소스 파일\Object\Map</Filter>
    </ClCompile>
    <ClCompile Include="src\ScreenTextUI.cpp">
      <Filter>소스 파일\Object\UI</Filter>
    </ClCompile>
    <ClCompile Include="src\WorldTextUI.cpp">
      <Filter>소스 파일\Object\UI</Filter>
    </ClCompile>
    <ClCompile Include="src\CenterCrystal.cpp">
      <Filter>소스 파일\Object</Filter>
    </ClCompile>
    <ClCompile Include="src\CrystalHp.cpp">
      <Filter>소스 파일\Object\UI</Filter>
    </ClCompile>
    <ClCompile Include="src\GoldDisplay.cpp">
      <Filter>소스 파일\Object\UI</Filter>
    </ClCompile>
    <ClCompile Include="src\EnemyInfoDisplay.cpp">
      <Filter>소스 파일\Object\UI</Filter>
    </ClCompile>
  </ItemGroup>
  <ItemGroup>
    <Image Include="resource\icon\ActionTowerDefense.ico">
      <Filter>리소스 파일</Filter>
    </Image>
    <Image Include="resource\icon\small.ico">
      <Filter>리소스 파일</Filter>
    </Image>
  </ItemGroup>
  <ItemGroup>
    <ResourceCompile Include="resource\icon\ActionTowerDefense.rc">
      <Filter>리소스 파일</Filter>
    </ResourceCompile>
  </ItemGroup>
</Project>